
Microsoft Visual Studio Solution File, Format Version 12.00
# Visual Studio Version 17
VisualStudioVersion = 17.5.002.0
MinimumVisualStudioVersion = 10.0.40219.1
Project("{9A19103F-16F7-4668-BE54-9A1E7A4F7556}") = "juleudsalg", "juleudsalg.csproj", "{24768B2B-ADA8-4900-BF68-E5FA7416AB42}"
EndProject
Global
	GlobalSection(SolutionConfigurationPlatforms) = preSolution
		Debug|Any CPU = Debug|Any CPU
		Release|Any CPU = Release|Any CPU
	EndGlobalSection
	GlobalSection(ProjectConfigurationPlatforms) = postSolution
		{24768B2B-ADA8-4900-BF68-E5FA7416AB42}.Debug|Any CPU.ActiveCfg = Debug|Any CPU
		{24768B2B-ADA8-4900-BF68-E5FA7416AB42}.Debug|Any CPU.Build.0 = Debug|Any CPU
		{24768B2B-ADA8-4900-BF68-E5FA7416AB42}.Release|Any CPU.ActiveCfg = Release|Any CPU
		{24768B2B-ADA8-4900-BF68-E5FA7416AB42}.Release|Any CPU.Build.0 = Release|Any CPU
	EndGlobalSection
	GlobalSection(SolutionProperties) = preSolution
		HideSolutionNode = FALSE
	EndGlobalSection
	GlobalSection(ExtensibilityGlobals) = postSolution
		SolutionGuid = {D190C458-CC32-4880-8E27-D25718BF099F}
	EndGlobalSection
EndGlobal
