
Microsoft Visual Studio Solution File, Format Version 12.00
# Visual Studio Version 17
VisualStudioVersion = 17.11.35222.181
MinimumVisualStudioVersion = 10.0.40219.1
Project("{FAE04EC0-301F-11D3-BF4B-00C04F79EFBC}") = "ConsoleApp1", "ConsoleApp1.csproj", "{1A0FDF8D-920D-4861-9A4B-F5F3999BCEF7}"
EndProject
Global
	GlobalSection(SolutionConfigurationPlatforms) = preSolution
		Debug|Any CPU = Debug|Any CPU
		Release|Any CPU = Release|Any CPU
	EndGlobalSection
	GlobalSection(ProjectConfigurationPlatforms) = postSolution
		{1A0FDF8D-920D-4861-9A4B-F5F3999BCEF7}.Debug|Any CPU.ActiveCfg = Debug|Any CPU
		{1A0FDF8D-920D-4861-9A4B-F5F3999BCEF7}.Debug|Any CPU.Build.0 = Debug|Any CPU
		{1A0FDF8D-920D-4861-9A4B-F5F3999BCEF7}.Release|Any CPU.ActiveCfg = Release|Any CPU
		{1A0FDF8D-920D-4861-9A4B-F5F3999BCEF7}.Release|Any CPU.Build.0 = Release|Any CPU
	EndGlobalSection
	GlobalSection(SolutionProperties) = preSolution
		HideSolutionNode = FALSE
	EndGlobalSection
	GlobalSection(ExtensibilityGlobals) = postSolution
		SolutionGuid = {1AA7940F-8122-49D5-A805-CBB0EBCB4E10}
	EndGlobalSection
EndGlobal
