
Microsoft Visual Studio Solution File, Format Version 12.00
# Visual Studio Version 17
VisualStudioVersion = 17.11.35312.102
MinimumVisualStudioVersion = 10.0.40219.1
Project("{9A19103F-16F7-4668-BE54-9A1E7A4F7556}") = "størst_i_array", "størst_i_array.csproj", "{14FA6C83-AC87-4BD2-BFC3-66C364046984}"
EndProject
Global
	GlobalSection(SolutionConfigurationPlatforms) = preSolution
		Debug|Any CPU = Debug|Any CPU
		Release|Any CPU = Release|Any CPU
	EndGlobalSection
	GlobalSection(ProjectConfigurationPlatforms) = postSolution
		{14FA6C83-AC87-4BD2-BFC3-66C364046984}.Debug|Any CPU.ActiveCfg = Debug|Any CPU
		{14FA6C83-AC87-4BD2-BFC3-66C364046984}.Debug|Any CPU.Build.0 = Debug|Any CPU
		{14FA6C83-AC87-4BD2-BFC3-66C364046984}.Release|Any CPU.ActiveCfg = Release|Any CPU
		{14FA6C83-AC87-4BD2-BFC3-66C364046984}.Release|Any CPU.Build.0 = Release|Any CPU
	EndGlobalSection
	GlobalSection(SolutionProperties) = preSolution
		HideSolutionNode = FALSE
	EndGlobalSection
	GlobalSection(ExtensibilityGlobals) = postSolution
		SolutionGuid = {23C03DF9-FA69-42F1-AB08-AA204A65A3C1}
	EndGlobalSection
EndGlobal
